// !$*UTF8*$!
{
	archiveVersion = 1;
	classes = {
	};
	objectVersion = 50;
	objects = {

/* Begin PBXBuildFile section */
		6D74211D231FCFAF005E6990 /* AppDelegate.swift in Sources */ = {isa = PBXBuildFile; fileRef = 6D74211C231FCFAF005E6990 /* AppDelegate.swift */; };
		6D742122231FCFAF005E6990 /* Main.storyboard in Resources */ = {isa = PBXBuildFile; fileRef = 6D742120231FCFAF005E6990 /* Main.storyboard */; };
		6D742124231FCFB1005E6990 /* Assets.xcassets in Resources */ = {isa = PBXBuildFile; fileRef = 6D742123231FCFB1005E6990 /* Assets.xcassets */; };
		6D742127231FCFB1005E6990 /* LaunchScreen.storyboard in Resources */ = {isa = PBXBuildFile; fileRef = 6D742125231FCFB1005E6990 /* LaunchScreen.storyboard */; };
		6D742132231FCFB2005E6990 /* ImageGalleryTests.swift in Sources */ = {isa = PBXBuildFile; fileRef = 6D742131231FCFB2005E6990 /* ImageGalleryTests.swift */; };
		6D74213D231FD414005E6990 /* ImageGalleryViewController.swift in Sources */ = {isa = PBXBuildFile; fileRef = 6D74213C231FD414005E6990 /* ImageGalleryViewController.swift */; };
		6D74214C231FE9C6005E6990 /* APIError.swift in Sources */ = {isa = PBXBuildFile; fileRef = 6D74214B231FE9C6005E6990 /* APIError.swift */; };
		6D742150231FEB27005E6990 /* ImageCellViewModel.swift in Sources */ = {isa = PBXBuildFile; fileRef = 6D74214F231FEB27005E6990 /* ImageCellViewModel.swift */; };
		6D742152231FED8C005E6990 /* Extension.swift in Sources */ = {isa = PBXBuildFile; fileRef = 6D742151231FED8C005E6990 /* Extension.swift */; };
		6D742155231FEEC4005E6990 /* ImageCollectionViewCell.swift in Sources */ = {isa = PBXBuildFile; fileRef = 6D742153231FEEC4005E6990 /* ImageCollectionViewCell.swift */; };
		6D742156231FEEC4005E6990 /* ImageCollectionViewCell.xib in Resources */ = {isa = PBXBuildFile; fileRef = 6D742154231FEEC4005E6990 /* ImageCollectionViewCell.xib */; };
		6D74215B23202396005E6990 /* ImageDownloader.swift in Sources */ = {isa = PBXBuildFile; fileRef = 6D74215923202396005E6990 /* ImageDownloader.swift */; };
		6D74215F2320C738005E6990 /* ViewerViewController.swift in Sources */ = {isa = PBXBuildFile; fileRef = 6D74215E2320C738005E6990 /* ViewerViewController.swift */; };
/* End PBXBuildFile section */

/* Begin PBXContainerItemProxy section */
		6D74212E231FCFB2005E6990 /* PBXContainerItemProxy */ = {
			isa = PBXContainerItemProxy;
			containerPortal = 6D742111231FCFAF005E6990 /* Project object */;
			proxyType = 1;
			remoteGlobalIDString = 6D742118231FCFAF005E6990;
			remoteInfo = ImageGallery;
		};
/* End PBXContainerItemProxy section */

/* Begin PBXFileReference section */
		6D742119231FCFAF005E6990 /* ImageGallery.app */ = {isa = PBXFileReference; explicitFileType = wrapper.application; includeInIndex = 0; path = ImageGallery.app; sourceTree = BUILT_PRODUCTS_DIR; };
		6D74211C231FCFAF005E6990 /* AppDelegate.swift */ = {isa = PBXFileReference; lastKnownFileType = sourcecode.swift; path = AppDelegate.swift; sourceTree = "<group>"; };
		6D742121231FCFAF005E6990 /* Base */ = {isa = PBXFileReference; lastKnownFileType = file.storyboard; name = Base; path = Base.lproj/Main.storyboard; sourceTree = "<group>"; };
		6D742123231FCFB1005E6990 /* Assets.xcassets */ = {isa = PBXFileReference; lastKnownFileType = folder.assetcatalog; path = Assets.xcassets; sourceTree = "<group>"; };
		6D742126231FCFB1005E6990 /* Base */ = {isa = PBXFileReference; lastKnownFileType = file.storyboard; name = Base; path = Base.lproj/LaunchScreen.storyboard; sourceTree = "<group>"; };
		6D742128231FCFB1005E6990 /* Info.plist */ = {isa = PBXFileReference; lastKnownFileType = text.plist.xml; path = Info.plist; sourceTree = "<group>"; };
		6D74212D231FCFB2005E6990 /* ImageGalleryTests.xctest */ = {isa = PBXFileReference; explicitFileType = wrapper.cfbundle; includeInIndex = 0; path = ImageGalleryTests.xctest; sourceTree = BUILT_PRODUCTS_DIR; };
		6D742131231FCFB2005E6990 /* ImageGalleryTests.swift */ = {isa = PBXFileReference; lastKnownFileType = sourcecode.swift; path = ImageGalleryTests.swift; sourceTree = "<group>"; };
		6D742133231FCFB2005E6990 /* Info.plist */ = {isa = PBXFileReference; lastKnownFileType = text.plist.xml; path = Info.plist; sourceTree = "<group>"; };
		6D74213C231FD414005E6990 /* ImageGalleryViewController.swift */ = {isa = PBXFileReference; lastKnownFileType = sourcecode.swift; path = ImageGalleryViewController.swift; sourceTree = "<group>"; };
		6D74214B231FE9C6005E6990 /* APIError.swift */ = {isa = PBXFileReference; lastKnownFileType = sourcecode.swift; path = APIError.swift; sourceTree = "<group>"; };
		6D74214F231FEB27005E6990 /* ImageCellViewModel.swift */ = {isa = PBXFileReference; lastKnownFileType = sourcecode.swift; path = ImageCellViewModel.swift; sourceTree = "<group>"; };
		6D742151231FED8C005E6990 /* Extension.swift */ = {isa = PBXFileReference; lastKnownFileType = sourcecode.swift; path = Extension.swift; sourceTree = "<group>"; };
		6D742153231FEEC4005E6990 /* ImageCollectionViewCell.swift */ = {isa = PBXFileReference; lastKnownFileType = sourcecode.swift; path = ImageCollectionViewCell.swift; sourceTree = "<group>"; };
		6D742154231FEEC4005E6990 /* ImageCollectionViewCell.xib */ = {isa = PBXFileReference; lastKnownFileType = file.xib; path = ImageCollectionViewCell.xib; sourceTree = "<group>"; };
		6D74215923202396005E6990 /* ImageDownloader.swift */ = {isa = PBXFileReference; fileEncoding = 4; lastKnownFileType = sourcecode.swift; path = ImageDownloader.swift; sourceTree = "<group>"; };
		6D74215E2320C738005E6990 /* ViewerViewController.swift */ = {isa = PBXFileReference; lastKnownFileType = sourcecode.swift; path = ViewerViewController.swift; sourceTree = "<group>"; };
/* End PBXFileReference section */

/* Begin PBXFrameworksBuildPhase section */
		6D742116231FCFAF005E6990 /* Frameworks */ = {
			isa = PBXFrameworksBuildPhase;
			buildActionMask = 2147483647;
			files = (
			);
			runOnlyForDeploymentPostprocessing = 0;
		};
		6D74212A231FCFB2005E6990 /* Frameworks */ = {
			isa = PBXFrameworksBuildPhase;
			buildActionMask = 2147483647;
			files = (
			);
			runOnlyForDeploymentPostprocessing = 0;
		};
/* End PBXFrameworksBuildPhase section */

/* Begin PBXGroup section */
		6D742110231FCFAF005E6990 = {
			isa = PBXGroup;
			children = (
				6D74211B231FCFAF005E6990 /* ImageGallery */,
				6D742130231FCFB2005E6990 /* ImageGalleryTests */,
				6D74211A231FCFAF005E6990 /* Products */,
			);
			sourceTree = "<group>";
		};
		6D74211A231FCFAF005E6990 /* Products */ = {
			isa = PBXGroup;
			children = (
				6D742119231FCFAF005E6990 /* ImageGallery.app */,
				6D74212D231FCFB2005E6990 /* ImageGalleryTests.xctest */,
			);
			name = Products;
			sourceTree = "<group>";
		};
		6D74211B231FCFAF005E6990 /* ImageGallery */ = {
			isa = PBXGroup;
			children = (
				6D74214A231FE946005E6990 /* Utility */,
				6D742146231FE8C1005E6990 /* Model */,
				6D742149231FE8F4005E6990 /* Controller */,
				6D742148231FE8D2005E6990 /* ViewModel */,
				6D742147231FE8CB005E6990 /* View */,
				6D74211C231FCFAF005E6990 /* AppDelegate.swift */,
				6D742123231FCFB1005E6990 /* Assets.xcassets */,
				6D742125231FCFB1005E6990 /* LaunchScreen.storyboard */,
				6D742128231FCFB1005E6990 /* Info.plist */,
			);
			path = ImageGallery;
			sourceTree = "<group>";
		};
		6D742130231FCFB2005E6990 /* ImageGalleryTests */ = {
			isa = PBXGroup;
			children = (
				6D742131231FCFB2005E6990 /* ImageGalleryTests.swift */,
				6D742133231FCFB2005E6990 /* Info.plist */,
			);
			path = ImageGalleryTests;
			sourceTree = "<group>";
		};
		6D742146231FE8C1005E6990 /* Model */ = {
			isa = PBXGroup;
			children = (
				6D74215923202396005E6990 /* ImageDownloader.swift */,
			);
			path = Model;
			sourceTree = "<group>";
		};
		6D742147231FE8CB005E6990 /* View */ = {
			isa = PBXGroup;
			children = (
				6D742153231FEEC4005E6990 /* ImageCollectionViewCell.swift */,
				6D742154231FEEC4005E6990 /* ImageCollectionViewCell.xib */,
			);
			path = View;
			sourceTree = "<group>";
		};
		6D742148231FE8D2005E6990 /* ViewModel */ = {
			isa = PBXGroup;
			children = (
				6D74214F231FEB27005E6990 /* ImageCellViewModel.swift */,
			);
			path = ViewModel;
			sourceTree = "<group>";
		};
		6D742149231FE8F4005E6990 /* Controller */ = {
			isa = PBXGroup;
			children = (
				6D74215D2320B70D005E6990 /* Viewer */,
				6D742120231FCFAF005E6990 /* Main.storyboard */,
				6D74213C231FD414005E6990 /* ImageGalleryViewController.swift */,
				6D74215E2320C738005E6990 /* ViewerViewController.swift */,
			);
			path = Controller;
			sourceTree = "<group>";
		};
		6D74214A231FE946005E6990 /* Utility */ = {
			isa = PBXGroup;
			children = (
				6D74214B231FE9C6005E6990 /* APIError.swift */,
				6D742151231FED8C005E6990 /* Extension.swift */,
			);
			path = Utility;
			sourceTree = "<group>";
		};
		6D74215D2320B70D005E6990 /* Viewer */ = {
			isa = PBXGroup;
			children = (
			);
			path = Viewer;
			sourceTree = "<group>";
		};
/* End PBXGroup section */

/* Begin PBXNativeTarget section */
		6D742118231FCFAF005E6990 /* ImageGallery */ = {
			isa = PBXNativeTarget;
			buildConfigurationList = 6D742136231FCFB2005E6990 /* Build configuration list for PBXNativeTarget "ImageGallery" */;
			buildPhases = (
				6D742115231FCFAF005E6990 /* Sources */,
				6D742116231FCFAF005E6990 /* Frameworks */,
				6D742117231FCFAF005E6990 /* Resources */,
			);
			buildRules = (
			);
			dependencies = (
			);
			name = ImageGallery;
			productName = ImageGallery;
			productReference = 6D742119231FCFAF005E6990 /* ImageGallery.app */;
			productType = "com.apple.product-type.application";
		};
		6D74212C231FCFB2005E6990 /* ImageGalleryTests */ = {
			isa = PBXNativeTarget;
			buildConfigurationList = 6D742139231FCFB2005E6990 /* Build configuration list for PBXNativeTarget "ImageGalleryTests" */;
			buildPhases = (
				6D742129231FCFB2005E6990 /* Sources */,
				6D74212A231FCFB2005E6990 /* Frameworks */,
				6D74212B231FCFB2005E6990 /* Resources */,
			);
			buildRules = (
			);
			dependencies = (
				6D74212F231FCFB2005E6990 /* PBXTargetDependency */,
			);
			name = ImageGalleryTests;
			productName = ImageGalleryTests;
			productReference = 6D74212D231FCFB2005E6990 /* ImageGalleryTests.xctest */;
			productType = "com.apple.product-type.bundle.unit-test";
		};
/* End PBXNativeTarget section */

/* Begin PBXProject section */
		6D742111231FCFAF005E6990 /* Project object */ = {
			isa = PBXProject;
			attributes = {
				LastSwiftUpdateCheck = 1020;
				LastUpgradeCheck = 1020;
				ORGANIZATIONNAME = "渡邊丈洋";
				TargetAttributes = {
					6D742118231FCFAF005E6990 = {
						CreatedOnToolsVersion = 10.2.1;
					};
					6D74212C231FCFB2005E6990 = {
						CreatedOnToolsVersion = 10.2.1;
						TestTargetID = 6D742118231FCFAF005E6990;
					};
				};
			};
			buildConfigurationList = 6D742114231FCFAF005E6990 /* Build configuration list for PBXProject "ImageGallery" */;
			compatibilityVersion = "Xcode 9.3";
			developmentRegion = en;
			hasScannedForEncodings = 0;
			knownRegions = (
				en,
				Base,
			);
			mainGroup = 6D742110231FCFAF005E6990;
			productRefGroup = 6D74211A231FCFAF005E6990 /* Products */;
			projectDirPath = "";
			projectRoot = "";
			targets = (
				6D742118231FCFAF005E6990 /* ImageGallery */,
				6D74212C231FCFB2005E6990 /* ImageGalleryTests */,
			);
		};
/* End PBXProject section */

/* Begin PBXResourcesBuildPhase section */
		6D742117231FCFAF005E6990 /* Resources */ = {
			isa = PBXResourcesBuildPhase;
			buildActionMask = 2147483647;
			files = (
				6D742127231FCFB1005E6990 /* LaunchScreen.storyboard in Resources */,
				6D742124231FCFB1005E6990 /* Assets.xcassets in Resources */,
				6D742156231FEEC4005E6990 /* ImageCollectionViewCell.xib in Resources */,
				6D742122231FCFAF005E6990 /* Main.storyboard in Resources */,
			);
			runOnlyForDeploymentPostprocessing = 0;
		};
		6D74212B231FCFB2005E6990 /* Resources */ = {
			isa = PBXResourcesBuildPhase;
			buildActionMask = 2147483647;
			files = (
			);
			runOnlyForDeploymentPostprocessing = 0;
		};
/* End PBXResourcesBuildPhase section */

/* Begin PBXSourcesBuildPhase section */
		6D742115231FCFAF005E6990 /* Sources */ = {
			isa = PBXSourcesBuildPhase;
			buildActionMask = 2147483647;
			files = (
				6D742155231FEEC4005E6990 /* ImageCollectionViewCell.swift in Sources */,
				6D74215B23202396005E6990 /* ImageDownloader.swift in Sources */,
				6D74211D231FCFAF005E6990 /* AppDelegate.swift in Sources */,
				6D74213D231FD414005E6990 /* ImageGalleryViewController.swift in Sources */,
				6D742152231FED8C005E6990 /* Extension.swift in Sources */,
				6D742150231FEB27005E6990 /* ImageCellViewModel.swift in Sources */,
				6D74215F2320C738005E6990 /* ViewerViewController.swift in Sources */,
				6D74214C231FE9C6005E6990 /* APIError.swift in Sources */,
			);
			runOnlyForDeploymentPostprocessing = 0;
		};
		6D742129231FCFB2005E6990 /* Sources */ = {
			isa = PBXSourcesBuildPhase;
			buildActionMask = 2147483647;
			files = (
				6D742132231FCFB2005E6990 /* ImageGalleryTests.swift in Sources */,
			);
			runOnlyForDeploymentPostprocessing = 0;
		};
/* End PBXSourcesBuildPhase section */

/* Begin PBXTargetDependency section */
		6D74212F231FCFB2005E6990 /* PBXTargetDependency */ = {
			isa = PBXTargetDependency;
			target = 6D742118231FCFAF005E6990 /* ImageGallery */;
			targetProxy = 6D74212E231FCFB2005E6990 /* PBXContainerItemProxy */;
		};
/* End PBXTargetDependency section */

/* Begin PBXVariantGroup section */
		6D742120231FCFAF005E6990 /* Main.storyboard */ = {
			isa = PBXVariantGroup;
			children = (
				6D742121231FCFAF005E6990 /* Base */,
			);
			name = Main.storyboard;
			sourceTree = "<group>";
		};
		6D742125231FCFB1005E6990 /* LaunchScreen.storyboard */ = {
			isa = PBXVariantGroup;
			children = (
				6D742126231FCFB1005E6990 /* Base */,
			);
			name = LaunchScreen.storyboard;
			sourceTree = "<group>";
		};
/* End PBXVariantGroup section */

/* Begin XCBuildConfiguration section */
		6D742134231FCFB2005E6990 /* Debug */ = {
			isa = XCBuildConfiguration;
			buildSettings = {
				ALWAYS_SEARCH_USER_PATHS = NO;
				CLANG_ANALYZER_NONNULL = YES;
				CLANG_ANALYZER_NUMBER_OBJECT_CONVERSION = YES_AGGRESSIVE;
				CLANG_CXX_LANGUAGE_STANDARD = "gnu++14";
				CLANG_CXX_LIBRARY = "libc++";
				CLANG_ENABLE_MODULES = YES;
				CLANG_ENABLE_OBJC_ARC = YES;
				CLANG_ENABLE_OBJC_WEAK = YES;
				CLANG_WARN_BLOCK_CAPTURE_AUTORELEASING = YES;
				CLANG_WARN_BOOL_CONVERSION = YES;
				CLANG_WARN_COMMA = YES;
				CLANG_WARN_CONSTANT_CONVERSION = YES;
				CLANG_WARN_DEPRECATED_OBJC_IMPLEMENTATIONS = YES;
				CLANG_WARN_DIRECT_OBJC_ISA_USAGE = YES_ERROR;
				CLANG_WARN_DOCUMENTATION_COMMENTS = YES;
				CLANG_WARN_EMPTY_BODY = YES;
				CLANG_WARN_ENUM_CONVERSION = YES;
				CLANG_WARN_INFINITE_RECURSION = YES;
				CLANG_WARN_INT_CONVERSION = YES;
				CLANG_WARN_NON_LITERAL_NULL_CONVERSION = YES;
				CLANG_WARN_OBJC_IMPLICIT_RETAIN_SELF = YES;
				CLANG_WARN_OBJC_LITERAL_CONVERSION = YES;
				CLANG_WARN_OBJC_ROOT_CLASS = YES_ERROR;
				CLANG_WARN_RANGE_LOOP_ANALYSIS = YES;
				CLANG_WARN_STRICT_PROTOTYPES = YES;
				CLANG_WARN_SUSPICIOUS_MOVE = YES;
				CLANG_WARN_UNGUARDED_AVAILABILITY = YES_AGGRESSIVE;
				CLANG_WARN_UNREACHABLE_CODE = YES;
				CLANG_WARN__DUPLICATE_METHOD_MATCH = YES;
				CODE_SIGN_IDENTITY = "iPhone Developer";
				COPY_PHASE_STRIP = NO;
				DEBUG_INFORMATION_FORMAT = dwarf;
				ENABLE_STRICT_OBJC_MSGSEND = YES;
				ENABLE_TESTABILITY = YES;
				GCC_C_LANGUAGE_STANDARD = gnu11;
				GCC_DYNAMIC_NO_PIC = NO;
				GCC_NO_COMMON_BLOCKS = YES;
				GCC_OPTIMIZATION_LEVEL = 0;
				GCC_PREPROCESSOR_DEFINITIONS = (
					"DEBUG=1",
					"$(inherited)",
				);
				GCC_WARN_64_TO_32_BIT_CONVERSION = YES;
				GCC_WARN_ABOUT_RETURN_TYPE = YES_ERROR;
				GCC_WARN_UNDECLARED_SELECTOR = YES;
				GCC_WARN_UNINITIALIZED_AUTOS = YES_AGGRESSIVE;
				GCC_WARN_UNUSED_FUNCTION = YES;
				GCC_WARN_UNUSED_VARIABLE = YES;
				IPHONEOS_DEPLOYMENT_TARGET = 12.2;
				MTL_ENABLE_DEBUG_INFO = INCLUDE_SOURCE;
				MTL_FAST_MATH = YES;
				ONLY_ACTIVE_ARCH = YES;
				SDKROOT = iphoneos;
				SWIFT_ACTIVE_COMPILATION_CONDITIONS = DEBUG;
				SWIFT_OPTIMIZATION_LEVEL = "-Onone";
			};
			name = Debug;
		};
		6D742135231FCFB2005E6990 /* Release */ = {
			isa = XCBuildConfiguration;
			buildSettings = {
				ALWAYS_SEARCH_USER_PATHS = NO;
				CLANG_ANALYZER_NONNULL = YES;
				CLANG_ANALYZER_NUMBER_OBJECT_CONVERSION = YES_AGGRESSIVE;
				CLANG_CXX_LANGUAGE_STANDARD = "gnu++14";
				CLANG_CXX_LIBRARY = "libc++";
				CLANG_ENABLE_MODULES = YES;
				CLANG_ENABLE_OBJC_ARC = YES;
				CLANG_ENABLE_OBJC_WEAK = YES;
				CLANG_WARN_BLOCK_CAPTURE_AUTORELEASING = YES;
				CLANG_WARN_BOOL_CONVERSION = YES;
				CLANG_WARN_COMMA = YES;
				CLANG_WARN_CONSTANT_CONVERSION = YES;
				CLANG_WARN_DEPRECATED_OBJC_IMPLEMENTATIONS = YES;
				CLANG_WARN_DIRECT_OBJC_ISA_USAGE = YES_ERROR;
				CLANG_WARN_DOCUMENTATION_COMMENTS = YES;
				CLANG_WARN_EMPTY_BODY = YES;
				CLANG_WARN_ENUM_CONVERSION = YES;
				CLANG_WARN_INFINITE_RECURSION = YES;
				CLANG_WARN_INT_CONVERSION = YES;
				CLANG_WARN_NON_LITERAL_NULL_CONVERSION = YES;
				CLANG_WARN_OBJC_IMPLICIT_RETAIN_SELF = YES;
				CLANG_WARN_OBJC_LITERAL_CONVERSION = YES;
				CLANG_WARN_OBJC_ROOT_CLASS = YES_ERROR;
				CLANG_WARN_RANGE_LOOP_ANALYSIS = YES;
				CLANG_WARN_STRICT_PROTOTYPES = YES;
				CLANG_WARN_SUSPICIOUS_MOVE = YES;
				CLANG_WARN_UNGUARDED_AVAILABILITY = YES_AGGRESSIVE;
				CLANG_WARN_UNREACHABLE_CODE = YES;
				CLANG_WARN__DUPLICATE_METHOD_MATCH = YES;
				CODE_SIGN_IDENTITY = "iPhone Developer";
				COPY_PHASE_STRIP = NO;
				DEBUG_INFORMATION_FORMAT = "dwarf-with-dsym";
				ENABLE_NS_ASSERTIONS = NO;
				ENABLE_STRICT_OBJC_MSGSEND = YES;
				GCC_C_LANGUAGE_STANDARD = gnu11;
				GCC_NO_COMMON_BLOCKS = YES;
				GCC_WARN_64_TO_32_BIT_CONVERSION = YES;
				GCC_WARN_ABOUT_RETURN_TYPE = YES_ERROR;
				GCC_WARN_UNDECLARED_SELECTOR = YES;
				GCC_WARN_UNINITIALIZED_AUTOS = YES_AGGRESSIVE;
				GCC_WARN_UNUSED_FUNCTION = YES;
				GCC_WARN_UNUSED_VARIABLE = YES;
				IPHONEOS_DEPLOYMENT_TARGET = 12.2;
				MTL_ENABLE_DEBUG_INFO = NO;
				MTL_FAST_MATH = YES;
				SDKROOT = iphoneos;
				SWIFT_COMPILATION_MODE = wholemodule;
				SWIFT_OPTIMIZATION_LEVEL = "-O";
				VALIDATE_PRODUCT = YES;
			};
			name = Release;
		};
		6D742137231FCFB2005E6990 /* Debug */ = {
			isa = XCBuildConfiguration;
			buildSettings = {
				ASSETCATALOG_COMPILER_APPICON_NAME = AppIcon;
				CODE_SIGN_STYLE = Automatic;
				DEVELOPMENT_TEAM = WE75VTX439;
				INFOPLIST_FILE = ImageGallery/Info.plist;
				LD_RUNPATH_SEARCH_PATHS = (
					"$(inherited)",
					"@executable_path/Frameworks",
				);
				PRODUCT_BUNDLE_IDENTIFIER = com.tkhr.ImageGallery;
				PRODUCT_NAME = "$(TARGET_NAME)";
				SWIFT_VERSION = 5.0;
				TARGETED_DEVICE_FAMILY = "1,2";
			};
			name = Debug;
		};
		6D742138231FCFB2005E6990 /* Release */ = {
			isa = XCBuildConfiguration;
			buildSettings = {
				ASSETCATALOG_COMPILER_APPICON_NAME = AppIcon;
				CODE_SIGN_STYLE = Automatic;
				DEVELOPMENT_TEAM = WE75VTX439;
				INFOPLIST_FILE = ImageGallery/Info.plist;
				LD_RUNPATH_SEARCH_PATHS = (
					"$(inherited)",
					"@executable_path/Frameworks",
				);
				PRODUCT_BUNDLE_IDENTIFIER = com.tkhr.ImageGallery;
				PRODUCT_NAME = "$(TARGET_NAME)";
				SWIFT_VERSION = 5.0;
				TARGETED_DEVICE_FAMILY = "1,2";
			};
			name = Release;
		};
		6D74213A231FCFB2005E6990 /* Debug */ = {
			isa = XCBuildConfiguration;
			buildSettings = {
				ALWAYS_EMBED_SWIFT_STANDARD_LIBRARIES = YES;
				BUNDLE_LOADER = "$(TEST_HOST)";
				CODE_SIGN_STYLE = Automatic;
				DEVELOPMENT_TEAM = WE75VTX439;
				INFOPLIST_FILE = ImageGalleryTests/Info.plist;
				LD_RUNPATH_SEARCH_PATHS = (
					"$(inherited)",
					"@executable_path/Frameworks",
					"@loader_path/Frameworks",
				);
				PRODUCT_BUNDLE_IDENTIFIER = com.tkhr.ImageGalleryTests;
				PRODUCT_NAME = "$(TARGET_NAME)";
				SWIFT_VERSION = 5.0;
				TARGETED_DEVICE_FAMILY = "1,2";
				TEST_HOST = "$(BUILT_PRODUCTS_DIR)/ImageGallery.app/ImageGallery";
			};
			name = Debug;
		};
		6D74213B231FCFB2005E6990 /* Release */ = {
			isa = XCBuildConfiguration;
			buildSettings = {
				ALWAYS_EMBED_SWIFT_STANDARD_LIBRARIES = YES;
				BUNDLE_LOADER = "$(TEST_HOST)";
				CODE_SIGN_STYLE = Automatic;
				DEVELOPMENT_TEAM = WE75VTX439;
				INFOPLIST_FILE = ImageGalleryTests/Info.plist;
				LD_RUNPATH_SEARCH_PATHS = (
					"$(inherited)",
					"@executable_path/Frameworks",
					"@loader_path/Frameworks",
				);
				PRODUCT_BUNDLE_IDENTIFIER = com.tkhr.ImageGalleryTests;
				PRODUCT_NAME = "$(TARGET_NAME)";
				SWIFT_VERSION = 5.0;
				TARGETED_DEVICE_FAMILY = "1,2";
				TEST_HOST = "$(BUILT_PRODUCTS_DIR)/ImageGallery.app/ImageGallery";
			};
			name = Release;
		};
/* End XCBuildConfiguration section */

/* Begin XCConfigurationList section */
		6D742114231FCFAF005E6990 /* Build configuration list for PBXProject "ImageGallery" */ = {
			isa = XCConfigurationList;
			buildConfigurations = (
				6D742134231FCFB2005E6990 /* Debug */,
				6D742135231FCFB2005E6990 /* Release */,
			);
			defaultConfigurationIsVisible = 0;
			defaultConfigurationName = Release;
		};
		6D742136231FCFB2005E6990 /* Build configuration list for PBXNativeTarget "ImageGallery" */ = {
			isa = XCConfigurationList;
			buildConfigurations = (
				6D742137231FCFB2005E6990 /* Debug */,
				6D742138231FCFB2005E6990 /* Release */,
			);
			defaultConfigurationIsVisible = 0;
			defaultConfigurationName = Release;
		};
		6D742139231FCFB2005E6990 /* Build configuration list for PBXNativeTarget "ImageGalleryTests" */ = {
			isa = XCConfigurationList;
			buildConfigurations = (
				6D74213A231FCFB2005E6990 /* Debug */,
				6D74213B231FCFB2005E6990 /* Release */,
			);
			defaultConfigurationIsVisible = 0;
			defaultConfigurationName = Release;
		};
/* End XCConfigurationList section */
	};
	rootObject = 6D742111231FCFAF005E6990 /* Project object */;
}
